
Microsoft Visual Studio Solution File, Format Version 12.00
# Visual Studio Version 17
VisualStudioVersion = 17.0.31912.275
MinimumVisualStudioVersion = 10.0.40219.1
Project("{2150E333-8FDC-42A3-9474-1A3956D46DE8}") = "Step1ToStep6", "Step1ToStep6", "{ED42611C-06BF-43EF-96A6-DE2DF1E574CD}"
EndProject
Project("{9A19103F-16F7-4668-BE54-9A1E7A4F7556}") = "Core", "Core\Core.csproj", "{8DA0C94C-BA69-4DF0-B36A-518F2DF3F554}"
EndProject
Project("{9A19103F-16F7-4668-BE54-9A1E7A4F7556}") = "BusinessLogic", "BusinessLogic\BusinessLogic.csproj", "{17F1DB47-1F05-4DB3-BC70-9369C150497D}"
EndProject
Project("{9A19103F-16F7-4668-BE54-9A1E7A4F7556}") = "VogCodeChallenge.API", "VogCodeChallenge.API\VogCodeChallenge.API.csproj", "{CCDB532A-1A09-4DF9-A391-CC248EDCC311}"
EndProject
Project("{2150E333-8FDC-42A3-9474-1A3956D46DE8}") = "Step7", "Step7", "{AEF715C8-0280-48AB-BDE3-2B809584F107}"
EndProject
Project("{FAE04EC0-301F-11D3-BF4B-00C04F79EFBC}") = "Step7Project", "Step7Project\Step7Project.csproj", "{2A7E6BEF-E8B4-49AF-895D-E8F7F016BC4C}"
EndProject
Project("{2150E333-8FDC-42A3-9474-1A3956D46DE8}") = "Step8", "Step8", "{AD6960A2-10C4-4844-8096-C112B86A4EBF}"
EndProject
Project("{FAE04EC0-301F-11D3-BF4B-00C04F79EFBC}") = "TestModule", "TestModule\TestModule.csproj", "{B230B705-A4E6-4B08-9589-CD2D84E4C77D}"
EndProject
Global
	GlobalSection(SolutionConfigurationPlatforms) = preSolution
		Debug|Any CPU = Debug|Any CPU
		Release|Any CPU = Release|Any CPU
	EndGlobalSection
	GlobalSection(ProjectConfigurationPlatforms) = postSolution
		{8DA0C94C-BA69-4DF0-B36A-518F2DF3F554}.Debug|Any CPU.ActiveCfg = Debug|Any CPU
		{8DA0C94C-BA69-4DF0-B36A-518F2DF3F554}.Debug|Any CPU.Build.0 = Debug|Any CPU
		{8DA0C94C-BA69-4DF0-B36A-518F2DF3F554}.Release|Any CPU.ActiveCfg = Release|Any CPU
		{8DA0C94C-BA69-4DF0-B36A-518F2DF3F554}.Release|Any CPU.Build.0 = Release|Any CPU
		{17F1DB47-1F05-4DB3-BC70-9369C150497D}.Debug|Any CPU.ActiveCfg = Debug|Any CPU
		{17F1DB47-1F05-4DB3-BC70-9369C150497D}.Debug|Any CPU.Build.0 = Debug|Any CPU
		{17F1DB47-1F05-4DB3-BC70-9369C150497D}.Release|Any CPU.ActiveCfg = Release|Any CPU
		{17F1DB47-1F05-4DB3-BC70-9369C150497D}.Release|Any CPU.Build.0 = Release|Any CPU
		{CCDB532A-1A09-4DF9-A391-CC248EDCC311}.Debug|Any CPU.ActiveCfg = Debug|Any CPU
		{CCDB532A-1A09-4DF9-A391-CC248EDCC311}.Debug|Any CPU.Build.0 = Debug|Any CPU
		{CCDB532A-1A09-4DF9-A391-CC248EDCC311}.Release|Any CPU.ActiveCfg = Release|Any CPU
		{CCDB532A-1A09-4DF9-A391-CC248EDCC311}.Release|Any CPU.Build.0 = Release|Any CPU
		{2A7E6BEF-E8B4-49AF-895D-E8F7F016BC4C}.Debug|Any CPU.ActiveCfg = Debug|Any CPU
		{2A7E6BEF-E8B4-49AF-895D-E8F7F016BC4C}.Debug|Any CPU.Build.0 = Debug|Any CPU
		{2A7E6BEF-E8B4-49AF-895D-E8F7F016BC4C}.Release|Any CPU.ActiveCfg = Release|Any CPU
		{2A7E6BEF-E8B4-49AF-895D-E8F7F016BC4C}.Release|Any CPU.Build.0 = Release|Any CPU
		{B230B705-A4E6-4B08-9589-CD2D84E4C77D}.Debug|Any CPU.ActiveCfg = Debug|Any CPU
		{B230B705-A4E6-4B08-9589-CD2D84E4C77D}.Debug|Any CPU.Build.0 = Debug|Any CPU
		{B230B705-A4E6-4B08-9589-CD2D84E4C77D}.Release|Any CPU.ActiveCfg = Release|Any CPU
		{B230B705-A4E6-4B08-9589-CD2D84E4C77D}.Release|Any CPU.Build.0 = Release|Any CPU
	EndGlobalSection
	GlobalSection(SolutionProperties) = preSolution
		HideSolutionNode = FALSE
	EndGlobalSection
	GlobalSection(NestedProjects) = preSolution
		{8DA0C94C-BA69-4DF0-B36A-518F2DF3F554} = {ED42611C-06BF-43EF-96A6-DE2DF1E574CD}
		{17F1DB47-1F05-4DB3-BC70-9369C150497D} = {ED42611C-06BF-43EF-96A6-DE2DF1E574CD}
		{CCDB532A-1A09-4DF9-A391-CC248EDCC311} = {ED42611C-06BF-43EF-96A6-DE2DF1E574CD}
		{2A7E6BEF-E8B4-49AF-895D-E8F7F016BC4C} = {AEF715C8-0280-48AB-BDE3-2B809584F107}
		{B230B705-A4E6-4B08-9589-CD2D84E4C77D} = {AD6960A2-10C4-4844-8096-C112B86A4EBF}
	EndGlobalSection
	GlobalSection(ExtensibilityGlobals) = postSolution
		SolutionGuid = {D8D14EDD-1D60-4BAA-8EF4-483A000CB5E7}
	EndGlobalSection
EndGlobal
